
Microsoft Visual Studio Solution File, Format Version 12.00
# Visual Studio Version 17
VisualStudioVersion = 17.4.33205.214
MinimumVisualStudioVersion = 10.0.40219.1
Project("{FAE04EC0-301F-11D3-BF4B-00C04F79EFBC}") = "Desafio02-18-Fev", "Desafio02-18-Fev.csproj", "{78C7A4C2-58D6-4735-8862-29AE9E6746B2}"
EndProject
Global
	GlobalSection(SolutionConfigurationPlatforms) = preSolution
		Debug|Any CPU = Debug|Any CPU
		Release|Any CPU = Release|Any CPU
	EndGlobalSection
	GlobalSection(ProjectConfigurationPlatforms) = postSolution
		{78C7A4C2-58D6-4735-8862-29AE9E6746B2}.Debug|Any CPU.ActiveCfg = Debug|Any CPU
		{78C7A4C2-58D6-4735-8862-29AE9E6746B2}.Debug|Any CPU.Build.0 = Debug|Any CPU
		{78C7A4C2-58D6-4735-8862-29AE9E6746B2}.Release|Any CPU.ActiveCfg = Release|Any CPU
		{78C7A4C2-58D6-4735-8862-29AE9E6746B2}.Release|Any CPU.Build.0 = Release|Any CPU
	EndGlobalSection
	GlobalSection(SolutionProperties) = preSolution
		HideSolutionNode = FALSE
	EndGlobalSection
	GlobalSection(ExtensibilityGlobals) = postSolution
		SolutionGuid = {0F54B1FB-EBE3-4CB1-9647-5E2E8D30C238}
	EndGlobalSection
EndGlobal
